
Microsoft Visual Studio Solution File, Format Version 12.00
# Visual Studio Version 17
VisualStudioVersion = 17.14.36915.13
MinimumVisualStudioVersion = 10.0.40219.1
Project("{FAE04EC0-301F-11D3-BF4B-00C04F79EFBC}") = "RMS.Identity.Service.Api", "RMS.Identity.Service.Api\RMS.Identity.Service.Api.csproj", "{0F23A39C-B113-4D93-9A47-0EA8F5BED7C1}"
EndProject
Project("{FAE04EC0-301F-11D3-BF4B-00C04F79EFBC}") = "RMS.Identity.Service.Application", "RMS.Identity.Service.Application\RMS.Identity.Service.Application.csproj", "{4399107A-D09B-45B8-A99F-21B0A51DFA81}"
EndProject
Project("{FAE04EC0-301F-11D3-BF4B-00C04F79EFBC}") = "RMS.Identity.Service.Infrastructure", "RMS.Identity.Service.Infrastructure\RMS.Identity.Service.Infrastructure.csproj", "{6ABCCEC1-1545-48CF-A379-4BDCE4C57DFE}"
EndProject
Project("{FAE04EC0-301F-11D3-BF4B-00C04F79EFBC}") = "RMS.Identity.Service.Domain", "RMS.Identity.Service.Domain\RMS.Identity.Service.Domain.csproj", "{9120B7C1-66B1-4325-A2BB-DBE023C08458}"
EndProject
Project("{FAE04EC0-301F-11D3-BF4B-00C04F79EFBC}") = "RMS.Identity.Service.Tests", "RMS.Identity.Service.Tests\RMS.Identity.Service.Tests.csproj", "{2CC03E41-C126-4830-98EF-496F90A67829}"
EndProject
Global
	GlobalSection(SolutionConfigurationPlatforms) = preSolution
		Debug|Any CPU = Debug|Any CPU
		Debug|x64 = Debug|x64
		Debug|x86 = Debug|x86
		Release|Any CPU = Release|Any CPU
		Release|x64 = Release|x64
		Release|x86 = Release|x86
	EndGlobalSection
	GlobalSection(ProjectConfigurationPlatforms) = postSolution
		{0F23A39C-B113-4D93-9A47-0EA8F5BED7C1}.Debug|Any CPU.ActiveCfg = Debug|Any CPU
		{0F23A39C-B113-4D93-9A47-0EA8F5BED7C1}.Debug|Any CPU.Build.0 = Debug|Any CPU
		{0F23A39C-B113-4D93-9A47-0EA8F5BED7C1}.Debug|x64.ActiveCfg = Debug|Any CPU
		{0F23A39C-B113-4D93-9A47-0EA8F5BED7C1}.Debug|x64.Build.0 = Debug|Any CPU
		{0F23A39C-B113-4D93-9A47-0EA8F5BED7C1}.Debug|x86.ActiveCfg = Debug|Any CPU
		{0F23A39C-B113-4D93-9A47-0EA8F5BED7C1}.Debug|x86.Build.0 = Debug|Any CPU
		{0F23A39C-B113-4D93-9A47-0EA8F5BED7C1}.Release|Any CPU.ActiveCfg = Release|Any CPU
		{0F23A39C-B113-4D93-9A47-0EA8F5BED7C1}.Release|Any CPU.Build.0 = Release|Any CPU
		{0F23A39C-B113-4D93-9A47-0EA8F5BED7C1}.Release|x64.ActiveCfg = Release|Any CPU
		{0F23A39C-B113-4D93-9A47-0EA8F5BED7C1}.Release|x64.Build.0 = Release|Any CPU
		{0F23A39C-B113-4D93-9A47-0EA8F5BED7C1}.Release|x86.ActiveCfg = Release|Any CPU
		{0F23A39C-B113-4D93-9A47-0EA8F5BED7C1}.Release|x86.Build.0 = Release|Any CPU
		{4399107A-D09B-45B8-A99F-21B0A51DFA81}.Debug|Any CPU.ActiveCfg = Debug|Any CPU
		{4399107A-D09B-45B8-A99F-21B0A51DFA81}.Debug|Any CPU.Build.0 = Debug|Any CPU
		{4399107A-D09B-45B8-A99F-21B0A51DFA81}.Debug|x64.ActiveCfg = Debug|Any CPU
		{4399107A-D09B-45B8-A99F-21B0A51DFA81}.Debug|x64.Build.0 = Debug|Any CPU
		{4399107A-D09B-45B8-A99F-21B0A51DFA81}.Debug|x86.ActiveCfg = Debug|Any CPU
		{4399107A-D09B-45B8-A99F-21B0A51DFA81}.Debug|x86.Build.0 = Debug|Any CPU
		{4399107A-D09B-45B8-A99F-21B0A51DFA81}.Release|Any CPU.ActiveCfg = Release|Any CPU
		{4399107A-D09B-45B8-A99F-21B0A51DFA81}.Release|Any CPU.Build.0 = Release|Any CPU
		{4399107A-D09B-45B8-A99F-21B0A51DFA81}.Release|x64.ActiveCfg = Release|Any CPU
		{4399107A-D09B-45B8-A99F-21B0A51DFA81}.Release|x64.Build.0 = Release|Any CPU
		{4399107A-D09B-45B8-A99F-21B0A51DFA81}.Release|x86.ActiveCfg = Release|Any CPU
		{4399107A-D09B-45B8-A99F-21B0A51DFA81}.Release|x86.Build.0 = Release|Any CPU
		{6ABCCEC1-1545-48CF-A379-4BDCE4C57DFE}.Debug|Any CPU.ActiveCfg = Debug|Any CPU
		{6ABCCEC1-1545-48CF-A379-4BDCE4C57DFE}.Debug|Any CPU.Build.0 = Debug|Any CPU
		{6ABCCEC1-1545-48CF-A379-4BDCE4C57DFE}.Debug|x64.ActiveCfg = Debug|Any CPU
		{6ABCCEC1-1545-48CF-A379-4BDCE4C57DFE}.Debug|x64.Build.0 = Debug|Any CPU
		{6ABCCEC1-1545-48CF-A379-4BDCE4C57DFE}.Debug|x86.ActiveCfg = Debug|Any CPU
		{6ABCCEC1-1545-48CF-A379-4BDCE4C57DFE}.Debug|x86.Build.0 = Debug|Any CPU
		{6ABCCEC1-1545-48CF-A379-4BDCE4C57DFE}.Release|Any CPU.ActiveCfg = Release|Any CPU
		{6ABCCEC1-1545-48CF-A379-4BDCE4C57DFE}.Release|Any CPU.Build.0 = Release|Any CPU
		{6ABCCEC1-1545-48CF-A379-4BDCE4C57DFE}.Release|x64.ActiveCfg = Release|Any CPU
		{6ABCCEC1-1545-48CF-A379-4BDCE4C57DFE}.Release|x64.Build.0 = Release|Any CPU
		{6ABCCEC1-1545-48CF-A379-4BDCE4C57DFE}.Release|x86.ActiveCfg = Release|Any CPU
		{6ABCCEC1-1545-48CF-A379-4BDCE4C57DFE}.Release|x86.Build.0 = Release|Any CPU
		{9120B7C1-66B1-4325-A2BB-DBE023C08458}.Debug|Any CPU.ActiveCfg = Debug|Any CPU
		{9120B7C1-66B1-4325-A2BB-DBE023C08458}.Debug|Any CPU.Build.0 = Debug|Any CPU
		{9120B7C1-66B1-4325-A2BB-DBE023C08458}.Debug|x64.ActiveCfg = Debug|Any CPU
		{9120B7C1-66B1-4325-A2BB-DBE023C08458}.Debug|x64.Build.0 = Debug|Any CPU
		{9120B7C1-66B1-4325-A2BB-DBE023C08458}.Debug|x86.ActiveCfg = Debug|Any CPU
		{9120B7C1-66B1-4325-A2BB-DBE023C08458}.Debug|x86.Build.0 = Debug|Any CPU
		{9120B7C1-66B1-4325-A2BB-DBE023C08458}.Release|Any CPU.ActiveCfg = Release|Any CPU
		{9120B7C1-66B1-4325-A2BB-DBE023C08458}.Release|Any CPU.Build.0 = Release|Any CPU
		{9120B7C1-66B1-4325-A2BB-DBE023C08458}.Release|x64.ActiveCfg = Release|Any CPU
		{9120B7C1-66B1-4325-A2BB-DBE023C08458}.Release|x64.Build.0 = Release|Any CPU
		{9120B7C1-66B1-4325-A2BB-DBE023C08458}.Release|x86.ActiveCfg = Release|Any CPU
		{9120B7C1-66B1-4325-A2BB-DBE023C08458}.Release|x86.Build.0 = Release|Any CPU
		{2CC03E41-C126-4830-98EF-496F90A67829}.Debug|Any CPU.ActiveCfg = Debug|Any CPU
		{2CC03E41-C126-4830-98EF-496F90A67829}.Debug|Any CPU.Build.0 = Debug|Any CPU
		{2CC03E41-C126-4830-98EF-496F90A67829}.Debug|x64.ActiveCfg = Debug|Any CPU
		{2CC03E41-C126-4830-98EF-496F90A67829}.Debug|x64.Build.0 = Debug|Any CPU
		{2CC03E41-C126-4830-98EF-496F90A67829}.Debug|x86.ActiveCfg = Debug|Any CPU
		{2CC03E41-C126-4830-98EF-496F90A67829}.Debug|x86.Build.0 = Debug|Any CPU
		{2CC03E41-C126-4830-98EF-496F90A67829}.Release|Any CPU.ActiveCfg = Release|Any CPU
		{2CC03E41-C126-4830-98EF-496F90A67829}.Release|Any CPU.Build.0 = Release|Any CPU
		{2CC03E41-C126-4830-98EF-496F90A67829}.Release|x64.ActiveCfg = Release|Any CPU
		{2CC03E41-C126-4830-98EF-496F90A67829}.Release|x64.Build.0 = Release|Any CPU
		{2CC03E41-C126-4830-98EF-496F90A67829}.Release|x86.ActiveCfg = Release|Any CPU
		{2CC03E41-C126-4830-98EF-496F90A67829}.Release|x86.Build.0 = Release|Any CPU
	EndGlobalSection
	GlobalSection(SolutionProperties) = preSolution
		HideSolutionNode = FALSE
	EndGlobalSection
	GlobalSection(ExtensibilityGlobals) = postSolution
		SolutionGuid = {A4610F98-6BB4-41B4-BCF4-6EA452876D27}
	EndGlobalSection
EndGlobal
